{
  "name": "module-soft-link",
  "version": "1.0.3",
  "lockfileVersion": 2,
  "requires": true,
  "packages": {
    "": {
      "name": "module-soft-link",
      "version": "1.0.3",
      "license": "ISC",
      "dependencies": {
        "co": "^4.6.0",
        "co-prompt": "^1.0.0",
        "commander": "^2.10.0",
        "iconv-lite": "^0.6.3"
      },
      "bin": {
        "link": "index.js"
      }
    },
    "node_modules/_co-prompt@1.0.0@co-prompt": {
      "name": "co-prompt",
      "version": "1.0.0",
      "license": "MIT",
      "dependencies": {
        "keypress": "~0.2.1"
      }
    },
    "node_modules/_co-prompt@1.0.0@co-prompt/node_modules/keypress": {
      "resolved": "node_modules/_keypress@0.2.1@keypress",
      "link": true
    },
    "node_modules/_co@4.6.0@co": {
      "name": "co",
      "version": "4.6.0",
      "license": "MIT",
      "engines": {
        "iojs": ">= 1.0.0",
        "node": ">= 0.12.0"
      }
    },
    "node_modules/_commander@2.20.3@commander": {
      "name": "commander",
      "version": "2.20.3",
      "license": "MIT"
    },
    "node_modules/_iconv-lite@0.6.3@iconv-lite": {
      "name": "iconv-lite",
      "version": "0.6.3",
      "license": "MIT",
      "dependencies": {
        "safer-buffer": ">= 2.1.2 < 3.0.0"
      },
      "engines": {
        "node": ">=0.10.0"
      }
    },
    "node_modules/_iconv-lite@0.6.3@iconv-lite/node_modules/safer-buffer": {
      "resolved": "node_modules/_safer-buffer@2.1.2@safer-buffer",
      "link": true
    },
    "node_modules/_keypress@0.2.1@keypress": {
      "name": "keypress",
      "version": "0.2.1",
      "license": "MIT"
    },
    "node_modules/_safer-buffer@2.1.2@safer-buffer": {
      "name": "safer-buffer",
      "version": "2.1.2",
      "license": "MIT"
    },
    "node_modules/co": {
      "resolved": "node_modules/_co@4.6.0@co",
      "link": true
    },
    "node_modules/co-prompt": {
      "resolved": "node_modules/_co-prompt@1.0.0@co-prompt",
      "link": true
    },
    "node_modules/commander": {
      "resolved": "node_modules/_commander@2.20.3@commander",
      "link": true
    },
    "node_modules/iconv-lite": {
      "resolved": "node_modules/_iconv-lite@0.6.3@iconv-lite",
      "link": true
    }
  },
  "dependencies": {
    "_co-prompt@1.0.0@co-prompt": {
      "version": "npm:co-prompt@1.0.0",
      "requires": {
        "keypress": "~0.2.1"
      },
      "dependencies": {
        "keypress": {
          "version": "file:node_modules/_keypress@0.2.1@keypress"
        }
      }
    },
    "_co@4.6.0@co": {
      "version": "npm:co@4.6.0"
    },
    "_commander@2.20.3@commander": {
      "version": "npm:commander@2.20.3"
    },
    "_iconv-lite@0.6.3@iconv-lite": {
      "version": "npm:iconv-lite@0.6.3",
      "requires": {
        "safer-buffer": ">= 2.1.2 < 3.0.0"
      },
      "dependencies": {
        "safer-buffer": {
          "version": "file:node_modules/_safer-buffer@2.1.2@safer-buffer"
        }
      }
    },
    "_keypress@0.2.1@keypress": {
      "version": "npm:keypress@0.2.1"
    },
    "_safer-buffer@2.1.2@safer-buffer": {
      "version": "npm:safer-buffer@2.1.2"
    },
    "co": {
      "version": "file:node_modules/_co@4.6.0@co"
    },
    "co-prompt": {
      "version": "file:node_modules/_co-prompt@1.0.0@co-prompt",
      "requires": {
        "keypress": "~0.2.1"
      },
      "dependencies": {
        "keypress": {
          "version": "file:node_modules/_keypress@0.2.1@keypress"
        }
      }
    },
    "commander": {
      "version": "file:node_modules/_commander@2.20.3@commander"
    },
    "iconv-lite": {
      "version": "file:node_modules/_iconv-lite@0.6.3@iconv-lite",
      "requires": {
        "safer-buffer": ">= 2.1.2 < 3.0.0"
      },
      "dependencies": {
        "safer-buffer": {
          "version": "file:node_modules/_safer-buffer@2.1.2@safer-buffer"
        }
      }
    }
  }
}
